
Microsoft Visual Studio Solution File, Format Version 12.00
# Visual Studio Version 17
VisualStudioVersion = 17.13.35828.75 d17.13
MinimumVisualStudioVersion = 10.0.40219.1
Project("{FAE04EC0-301F-11D3-BF4B-00C04F79EFBC}") = "PlantillaAprendizaje", "PlantillaAprendizaje\PlantillaAprendizaje.csproj", "{C7A8885F-1A4B-4A62-8CFF-94915724936C}"
EndProject
Global
	GlobalSection(SolutionConfigurationPlatforms) = preSolution
		Debug|Any CPU = Debug|Any CPU
		Release|Any CPU = Release|Any CPU
	EndGlobalSection
	GlobalSection(ProjectConfigurationPlatforms) = postSolution
		{C7A8885F-1A4B-4A62-8CFF-94915724936C}.Debug|Any CPU.ActiveCfg = Debug|Any CPU
		{C7A8885F-1A4B-4A62-8CFF-94915724936C}.Debug|Any CPU.Build.0 = Debug|Any CPU
		{C7A8885F-1A4B-4A62-8CFF-94915724936C}.Release|Any CPU.ActiveCfg = Release|Any CPU
		{C7A8885F-1A4B-4A62-8CFF-94915724936C}.Release|Any CPU.Build.0 = Release|Any CPU
	EndGlobalSection
	GlobalSection(SolutionProperties) = preSolution
		HideSolutionNode = FALSE
	EndGlobalSection
	GlobalSection(ExtensibilityGlobals) = postSolution
		SolutionGuid = {24A8CBFA-14A2-444C-ABDD-0C3394750BBC}
	EndGlobalSection
EndGlobal
